
Microsoft Visual Studio Solution File, Format Version 12.00
# Visual Studio Version 17
VisualStudioVersion = 17.0.31903.59
MinimumVisualStudioVersion = 10.0.40219.1
Project("{2150E333-8FDC-42A3-9474-1A3956D46DE8}") = "backend", "backend", "{1AE8ACA6-933B-BF2A-3671-3E2EAC007D16}"
EndProject
Project("{FAE04EC0-301F-11D3-BF4B-00C04F79EFBC}") = "InterviewAI.Api", "backend\InterviewAI.Api\InterviewAI.Api.csproj", "{7AE114DB-966F-44F3-8909-5E7146159CB8}"
EndProject
Project("{FAE04EC0-301F-11D3-BF4B-00C04F79EFBC}") = "InterviewAI.Application", "backend\InterviewAI.Application\InterviewAI.Application.csproj", "{D308F64A-B2AC-4C48-AC6F-B94BC814012B}"
EndProject
Project("{FAE04EC0-301F-11D3-BF4B-00C04F79EFBC}") = "InterviewAI.Domain", "backend\InterviewAI.Domain\InterviewAI.Domain.csproj", "{9A626534-BD0E-4613-84D7-34D28079E03D}"
EndProject
Project("{FAE04EC0-301F-11D3-BF4B-00C04F79EFBC}") = "InterviewAI.Infrastructure", "backend\InterviewAI.Infrastructure\InterviewAI.Infrastructure.csproj", "{AFE11BEA-9AAC-4752-A053-03941CB50EA1}"
EndProject
Global
	GlobalSection(SolutionConfigurationPlatforms) = preSolution
		Debug|Any CPU = Debug|Any CPU
		Debug|x64 = Debug|x64
		Debug|x86 = Debug|x86
		Release|Any CPU = Release|Any CPU
		Release|x64 = Release|x64
		Release|x86 = Release|x86
	EndGlobalSection
	GlobalSection(ProjectConfigurationPlatforms) = postSolution
		{7AE114DB-966F-44F3-8909-5E7146159CB8}.Debug|Any CPU.ActiveCfg = Debug|Any CPU
		{7AE114DB-966F-44F3-8909-5E7146159CB8}.Debug|Any CPU.Build.0 = Debug|Any CPU
		{7AE114DB-966F-44F3-8909-5E7146159CB8}.Debug|x64.ActiveCfg = Debug|Any CPU
		{7AE114DB-966F-44F3-8909-5E7146159CB8}.Debug|x64.Build.0 = Debug|Any CPU
		{7AE114DB-966F-44F3-8909-5E7146159CB8}.Debug|x86.ActiveCfg = Debug|Any CPU
		{7AE114DB-966F-44F3-8909-5E7146159CB8}.Debug|x86.Build.0 = Debug|Any CPU
		{7AE114DB-966F-44F3-8909-5E7146159CB8}.Release|Any CPU.ActiveCfg = Release|Any CPU
		{7AE114DB-966F-44F3-8909-5E7146159CB8}.Release|Any CPU.Build.0 = Release|Any CPU
		{7AE114DB-966F-44F3-8909-5E7146159CB8}.Release|x64.ActiveCfg = Release|Any CPU
		{7AE114DB-966F-44F3-8909-5E7146159CB8}.Release|x64.Build.0 = Release|Any CPU
		{7AE114DB-966F-44F3-8909-5E7146159CB8}.Release|x86.ActiveCfg = Release|Any CPU
		{7AE114DB-966F-44F3-8909-5E7146159CB8}.Release|x86.Build.0 = Release|Any CPU
		{D308F64A-B2AC-4C48-AC6F-B94BC814012B}.Debug|Any CPU.ActiveCfg = Debug|Any CPU
		{D308F64A-B2AC-4C48-AC6F-B94BC814012B}.Debug|Any CPU.Build.0 = Debug|Any CPU
		{D308F64A-B2AC-4C48-AC6F-B94BC814012B}.Debug|x64.ActiveCfg = Debug|Any CPU
		{D308F64A-B2AC-4C48-AC6F-B94BC814012B}.Debug|x64.Build.0 = Debug|Any CPU
		{D308F64A-B2AC-4C48-AC6F-B94BC814012B}.Debug|x86.ActiveCfg = Debug|Any CPU
		{D308F64A-B2AC-4C48-AC6F-B94BC814012B}.Debug|x86.Build.0 = Debug|Any CPU
		{D308F64A-B2AC-4C48-AC6F-B94BC814012B}.Release|Any CPU.ActiveCfg = Release|Any CPU
		{D308F64A-B2AC-4C48-AC6F-B94BC814012B}.Release|Any CPU.Build.0 = Release|Any CPU
		{D308F64A-B2AC-4C48-AC6F-B94BC814012B}.Release|x64.ActiveCfg = Release|Any CPU
		{D308F64A-B2AC-4C48-AC6F-B94BC814012B}.Release|x64.Build.0 = Release|Any CPU
		{D308F64A-B2AC-4C48-AC6F-B94BC814012B}.Release|x86.ActiveCfg = Release|Any CPU
		{D308F64A-B2AC-4C48-AC6F-B94BC814012B}.Release|x86.Build.0 = Release|Any CPU
		{9A626534-BD0E-4613-84D7-34D28079E03D}.Debug|Any CPU.ActiveCfg = Debug|Any CPU
		{9A626534-BD0E-4613-84D7-34D28079E03D}.Debug|Any CPU.Build.0 = Debug|Any CPU
		{9A626534-BD0E-4613-84D7-34D28079E03D}.Debug|x64.ActiveCfg = Debug|Any CPU
		{9A626534-BD0E-4613-84D7-34D28079E03D}.Debug|x64.Build.0 = Debug|Any CPU
		{9A626534-BD0E-4613-84D7-34D28079E03D}.Debug|x86.ActiveCfg = Debug|Any CPU
		{9A626534-BD0E-4613-84D7-34D28079E03D}.Debug|x86.Build.0 = Debug|Any CPU
		{9A626534-BD0E-4613-84D7-34D28079E03D}.Release|Any CPU.ActiveCfg = Release|Any CPU
		{9A626534-BD0E-4613-84D7-34D28079E03D}.Release|Any CPU.Build.0 = Release|Any CPU
		{9A626534-BD0E-4613-84D7-34D28079E03D}.Release|x64.ActiveCfg = Release|Any CPU
		{9A626534-BD0E-4613-84D7-34D28079E03D}.Release|x64.Build.0 = Release|Any CPU
		{9A626534-BD0E-4613-84D7-34D28079E03D}.Release|x86.ActiveCfg = Release|Any CPU
		{9A626534-BD0E-4613-84D7-34D28079E03D}.Release|x86.Build.0 = Release|Any CPU
		{AFE11BEA-9AAC-4752-A053-03941CB50EA1}.Debug|Any CPU.ActiveCfg = Debug|Any CPU
		{AFE11BEA-9AAC-4752-A053-03941CB50EA1}.Debug|Any CPU.Build.0 = Debug|Any CPU
		{AFE11BEA-9AAC-4752-A053-03941CB50EA1}.Debug|x64.ActiveCfg = Debug|Any CPU
		{AFE11BEA-9AAC-4752-A053-03941CB50EA1}.Debug|x64.Build.0 = Debug|Any CPU
		{AFE11BEA-9AAC-4752-A053-03941CB50EA1}.Debug|x86.ActiveCfg = Debug|Any CPU
		{AFE11BEA-9AAC-4752-A053-03941CB50EA1}.Debug|x86.Build.0 = Debug|Any CPU
		{AFE11BEA-9AAC-4752-A053-03941CB50EA1}.Release|Any CPU.ActiveCfg = Release|Any CPU
		{AFE11BEA-9AAC-4752-A053-03941CB50EA1}.Release|Any CPU.Build.0 = Release|Any CPU
		{AFE11BEA-9AAC-4752-A053-03941CB50EA1}.Release|x64.ActiveCfg = Release|Any CPU
		{AFE11BEA-9AAC-4752-A053-03941CB50EA1}.Release|x64.Build.0 = Release|Any CPU
		{AFE11BEA-9AAC-4752-A053-03941CB50EA1}.Release|x86.ActiveCfg = Release|Any CPU
		{AFE11BEA-9AAC-4752-A053-03941CB50EA1}.Release|x86.Build.0 = Release|Any CPU
	EndGlobalSection
	GlobalSection(SolutionProperties) = preSolution
		HideSolutionNode = FALSE
	EndGlobalSection
	GlobalSection(NestedProjects) = preSolution
		{7AE114DB-966F-44F3-8909-5E7146159CB8} = {1AE8ACA6-933B-BF2A-3671-3E2EAC007D16}
		{D308F64A-B2AC-4C48-AC6F-B94BC814012B} = {1AE8ACA6-933B-BF2A-3671-3E2EAC007D16}
		{9A626534-BD0E-4613-84D7-34D28079E03D} = {1AE8ACA6-933B-BF2A-3671-3E2EAC007D16}
		{AFE11BEA-9AAC-4752-A053-03941CB50EA1} = {1AE8ACA6-933B-BF2A-3671-3E2EAC007D16}
	EndGlobalSection
EndGlobal
